{
  "name": "ECM_MINDHARBOR",
  "lockfileVersion": 3,
  "requires": true,
  "packages": {
    "": {
      "dependencies": {
        "@prisma/adapter-neon": "^7.9.1"
      }
    },
    "node_modules/@neondatabase/serverless": {
      "version": "1.1.0",
      "resolved": "https://registry.npmjs.org/@neondatabase/serverless/-/serverless-1.1.0.tgz",
      "integrity": "sha512-r3ZZhRjEcfEdKIZnoB1RusNgvHuaBRqfCzV4Gi+5A9yUX0S4HTws/ASWqt13wL4y4I+0rqsWGdA2w7EQXHi3+Q==",
      "license": "MIT",
      "engines": {
        "node": ">=19.0.0"
      }
    },
    "node_modules/@prisma/adapter-neon": {
      "version": "7.9.1",
      "resolved": "https://registry.npmjs.org/@prisma/adapter-neon/-/adapter-neon-7.9.1.tgz",
      "integrity": "sha512-YqJYuohI03da41N4X+DaA9RlQGWrA4gND24TIkuPPXAsNpnMlFuSfTgUycP4UXiGr7nwZ8PeQIUqMxaYzaAcNw==",
      "license": "Apache-2.0",
      "dependencies": {
        "@neondatabase/serverless": ">0.6.0 <2",
        "@prisma/driver-adapter-utils": "7.9.1",
        "postgres-array": "3.0.4"
      }
    },
    "node_modules/@prisma/debug": {
      "version": "7.9.1",
      "resolved": "https://registry.npmjs.org/@prisma/debug/-/debug-7.9.1.tgz",
      "integrity": "sha512-/cpVZ4itxtcgB8GHBvZtcmuEjq+lWsLrRJxFMbwZrT1RIdtuKmUm7PPGo/wzfbYpBrk+9WmmBE8CHJw2rybKDQ==",
      "license": "Apache-2.0"
    },
    "node_modules/@prisma/driver-adapter-utils": {
      "version": "7.9.1",
      "resolved": "https://registry.npmjs.org/@prisma/driver-adapter-utils/-/driver-adapter-utils-7.9.1.tgz",
      "integrity": "sha512-vmHehG7nn/heW32DXXpp13DxxAxVVe6n250oEt3dOL2E/4bt3olktKZN0mzSuxMMronyMSkbeW2uCOn3F4g8RQ==",
      "license": "Apache-2.0",
      "dependencies": {
        "@prisma/debug": "7.9.1"
      }
    },
    "node_modules/postgres-array": {
      "version": "3.0.4",
      "resolved": "https://registry.npmjs.org/postgres-array/-/postgres-array-3.0.4.tgz",
      "integrity": "sha512-nAUSGfSDGOaOAEGwqsRY27GPOea7CNipJPOA7lPbdEpx5Kg3qzdP0AaWC5MlhTWV9s4hFX39nomVZ+C4tnGOJQ==",
      "license": "MIT",
      "engines": {
        "node": ">=12"
      }
    }
  }
}
